
Microsoft Visual Studio Solution File, Format Version 12.00
# Visual Studio Version 17
VisualStudioVersion = 17.1.32228.430
MinimumVisualStudioVersion = 10.0.40219.1
Project("{FAE04EC0-301F-11D3-BF4B-00C04F79EFBC}") = "ECommerce.Api", "ECommerce\ECommerce.Api.csproj", "{D6F8F453-44EA-4086-A05F-51E371F7573D}"
EndProject
Project("{FAE04EC0-301F-11D3-BF4B-00C04F79EFBC}") = "ECommerce.Data", "ECommerce.Data\ECommerce.Data.csproj", "{14C05336-20F0-4ABA-904B-632C61BE6EB0}"
EndProject
Project("{FAE04EC0-301F-11D3-BF4B-00C04F79EFBC}") = "Ecommerce.Domain", "Ecommerce.Domain\Ecommerce.Domain.csproj", "{545C0099-3F7A-40E8-8D07-BBD7FF066442}"
EndProject
Global
	GlobalSection(SolutionConfigurationPlatforms) = preSolution
		Debug|Any CPU = Debug|Any CPU
		Release|Any CPU = Release|Any CPU
	EndGlobalSection
	GlobalSection(ProjectConfigurationPlatforms) = postSolution
		{D6F8F453-44EA-4086-A05F-51E371F7573D}.Debug|Any CPU.ActiveCfg = Debug|Any CPU
		{D6F8F453-44EA-4086-A05F-51E371F7573D}.Debug|Any CPU.Build.0 = Debug|Any CPU
		{D6F8F453-44EA-4086-A05F-51E371F7573D}.Release|Any CPU.ActiveCfg = Release|Any CPU
		{D6F8F453-44EA-4086-A05F-51E371F7573D}.Release|Any CPU.Build.0 = Release|Any CPU
		{14C05336-20F0-4ABA-904B-632C61BE6EB0}.Debug|Any CPU.ActiveCfg = Debug|Any CPU
		{14C05336-20F0-4ABA-904B-632C61BE6EB0}.Debug|Any CPU.Build.0 = Debug|Any CPU
		{14C05336-20F0-4ABA-904B-632C61BE6EB0}.Release|Any CPU.ActiveCfg = Release|Any CPU
		{14C05336-20F0-4ABA-904B-632C61BE6EB0}.Release|Any CPU.Build.0 = Release|Any CPU
		{545C0099-3F7A-40E8-8D07-BBD7FF066442}.Debug|Any CPU.ActiveCfg = Debug|Any CPU
		{545C0099-3F7A-40E8-8D07-BBD7FF066442}.Debug|Any CPU.Build.0 = Debug|Any CPU
		{545C0099-3F7A-40E8-8D07-BBD7FF066442}.Release|Any CPU.ActiveCfg = Release|Any CPU
		{545C0099-3F7A-40E8-8D07-BBD7FF066442}.Release|Any CPU.Build.0 = Release|Any CPU
	EndGlobalSection
	GlobalSection(SolutionProperties) = preSolution
		HideSolutionNode = FALSE
	EndGlobalSection
	GlobalSection(ExtensibilityGlobals) = postSolution
		SolutionGuid = {5B867A11-1E4F-45DA-AE01-F3C2B6B27901}
	EndGlobalSection
EndGlobal
