
Microsoft Visual Studio Solution File, Format Version 12.00
# Visual Studio Version 17
VisualStudioVersion = 17.1.32228.430
MinimumVisualStudioVersion = 10.0.40219.1
Project("{9A19103F-16F7-4668-BE54-9A1E7A4F7556}") = "Ecommerce.API", "Ecommerce.API\Ecommerce.API.csproj", "{2A52D1D1-5E68-446C-8BE3-7916E72F7CD0}"
EndProject
Project("{9A19103F-16F7-4668-BE54-9A1E7A4F7556}") = "Ecommerce.DATA", "Ecommerce.DATA\Ecommerce.DATA.csproj", "{284FF4E1-84F7-4EBD-916C-8DFE9F438749}"
EndProject
Project("{9A19103F-16F7-4668-BE54-9A1E7A4F7556}") = "Ecommerce.DOMAIN", "Ecommerce.DOMAIN\Ecommerce.DOMAIN.csproj", "{8C13E7B2-F031-4A47-B04F-9BB551E95966}"
EndProject
Project("{2150E333-8FDC-42A3-9474-1A3956D46DE8}") = "Core", "Core", "{EA86DDE4-9F26-45E9-AA45-8B7C9EE89754}"
EndProject
Project("{FAE04EC0-301F-11D3-BF4B-00C04F79EFBC}") = "Ecommerce.Core", "Ecommerce.Core\Ecommerce.Core.csproj", "{5477452C-FB64-4F62-B52A-713149246730}"
EndProject
Global
	GlobalSection(SolutionConfigurationPlatforms) = preSolution
		Debug|Any CPU = Debug|Any CPU
		Release|Any CPU = Release|Any CPU
	EndGlobalSection
	GlobalSection(ProjectConfigurationPlatforms) = postSolution
		{2A52D1D1-5E68-446C-8BE3-7916E72F7CD0}.Debug|Any CPU.ActiveCfg = Debug|Any CPU
		{2A52D1D1-5E68-446C-8BE3-7916E72F7CD0}.Debug|Any CPU.Build.0 = Debug|Any CPU
		{2A52D1D1-5E68-446C-8BE3-7916E72F7CD0}.Release|Any CPU.ActiveCfg = Release|Any CPU
		{2A52D1D1-5E68-446C-8BE3-7916E72F7CD0}.Release|Any CPU.Build.0 = Release|Any CPU
		{284FF4E1-84F7-4EBD-916C-8DFE9F438749}.Debug|Any CPU.ActiveCfg = Debug|Any CPU
		{284FF4E1-84F7-4EBD-916C-8DFE9F438749}.Debug|Any CPU.Build.0 = Debug|Any CPU
		{284FF4E1-84F7-4EBD-916C-8DFE9F438749}.Release|Any CPU.ActiveCfg = Release|Any CPU
		{284FF4E1-84F7-4EBD-916C-8DFE9F438749}.Release|Any CPU.Build.0 = Release|Any CPU
		{8C13E7B2-F031-4A47-B04F-9BB551E95966}.Debug|Any CPU.ActiveCfg = Debug|Any CPU
		{8C13E7B2-F031-4A47-B04F-9BB551E95966}.Debug|Any CPU.Build.0 = Debug|Any CPU
		{8C13E7B2-F031-4A47-B04F-9BB551E95966}.Release|Any CPU.ActiveCfg = Release|Any CPU
		{8C13E7B2-F031-4A47-B04F-9BB551E95966}.Release|Any CPU.Build.0 = Release|Any CPU
		{5477452C-FB64-4F62-B52A-713149246730}.Debug|Any CPU.ActiveCfg = Debug|Any CPU
		{5477452C-FB64-4F62-B52A-713149246730}.Debug|Any CPU.Build.0 = Debug|Any CPU
		{5477452C-FB64-4F62-B52A-713149246730}.Release|Any CPU.ActiveCfg = Release|Any CPU
		{5477452C-FB64-4F62-B52A-713149246730}.Release|Any CPU.Build.0 = Release|Any CPU
	EndGlobalSection
	GlobalSection(SolutionProperties) = preSolution
		HideSolutionNode = FALSE
	EndGlobalSection
	GlobalSection(NestedProjects) = preSolution
		{5477452C-FB64-4F62-B52A-713149246730} = {EA86DDE4-9F26-45E9-AA45-8B7C9EE89754}
	EndGlobalSection
	GlobalSection(ExtensibilityGlobals) = postSolution
		SolutionGuid = {99C0CCD4-8490-4704-B22A-F392A13E8C81}
	EndGlobalSection
EndGlobal
